
Microsoft Visual Studio Solution File, Format Version 12.00
# Visual Studio 15
VisualStudioVersion = 15.0.26228.4
MinimumVisualStudioVersion = 10.0.40219.1
Project("{D954291E-2A0B-460D-934E-DC6B0785DB48}") = "XamarinExamples", "XamarinExamples\XamarinExamples\XamarinExamples.shproj", "{8DD4CCB2-807D-44F9-9F34-09B0C4885D10}"
EndProject
Project("{FAE04EC0-301F-11D3-BF4B-00C04F79EFBC}") = "XamarinExamples.Android", "XamarinExamples\XamarinExamples.Android\XamarinExamples.Android.csproj", "{C00A2A6A-F1DE-4FE2-97C6-E5DE5A5E50AF}"
EndProject
Project("{FAE04EC0-301F-11D3-BF4B-00C04F79EFBC}") = "XamarinExamples.iOS", "XamarinExamples\XamarinExamples.iOS\XamarinExamples.iOS.csproj", "{0FB0F478-0938-4EEB-92DB-71D39530412E}"
EndProject
Project("{FAE04EC0-301F-11D3-BF4B-00C04F79EFBC}") = "XamarinExamples.UWP", "XamarinExamples\XamarinExamples.UWP\XamarinExamples.UWP.csproj", "{2F5BCB5E-C42F-40B8-8166-9690CCEC1B8E}"
EndProject
Global
	GlobalSection(SharedMSBuildProjectFiles) = preSolution
		XamarinExamples\XamarinExamples\XamarinExamples.projitems*{0fb0f478-0938-4eeb-92db-71d39530412e}*SharedItemsImports = 4
		XamarinExamples\XamarinExamples\XamarinExamples.projitems*{8dd4ccb2-807d-44f9-9f34-09b0c4885d10}*SharedItemsImports = 13
		XamarinExamples\XamarinExamples\XamarinExamples.projitems*{c00a2a6a-f1de-4fe2-97c6-e5de5a5e50af}*SharedItemsImports = 4
	EndGlobalSection
	GlobalSection(SolutionConfigurationPlatforms) = preSolution
		Ad-Hoc|Any CPU = Ad-Hoc|Any CPU
		Ad-Hoc|ARM = Ad-Hoc|ARM
		Ad-Hoc|iPhone = Ad-Hoc|iPhone
		Ad-Hoc|iPhoneSimulator = Ad-Hoc|iPhoneSimulator
		Ad-Hoc|x64 = Ad-Hoc|x64
		Ad-Hoc|x86 = Ad-Hoc|x86
		AppStore|Any CPU = AppStore|Any CPU
		AppStore|ARM = AppStore|ARM
		AppStore|iPhone = AppStore|iPhone
		AppStore|iPhoneSimulator = AppStore|iPhoneSimulator
		AppStore|x64 = AppStore|x64
		AppStore|x86 = AppStore|x86
		Debug|Any CPU = Debug|Any CPU
		Debug|ARM = Debug|ARM
		Debug|iPhone = Debug|iPhone
		Debug|iPhoneSimulator = Debug|iPhoneSimulator
		Debug|x64 = Debug|x64
		Debug|x86 = Debug|x86
		Release|Any CPU = Release|Any CPU
		Release|ARM = Release|ARM
		Release|iPhone = Release|iPhone
		Release|iPhoneSimulator = Release|iPhoneSimulator
		Release|x64 = Release|x64
		Release|x86 = Release|x86
	EndGlobalSection
	GlobalSection(ProjectConfigurationPlatforms) = postSolution
		{C00A2A6A-F1DE-4FE2-97C6-E5DE5A5E50AF}.Ad-Hoc|Any CPU.ActiveCfg = Release|Any CPU
		{C00A2A6A-F1DE-4FE2-97C6-E5DE5A5E50AF}.Ad-Hoc|Any CPU.Build.0 = Release|Any CPU
		{C00A2A6A-F1DE-4FE2-97C6-E5DE5A5E50AF}.Ad-Hoc|Any CPU.Deploy.0 = Release|Any CPU
		{C00A2A6A-F1DE-4FE2-97C6-E5DE5A5E50AF}.Ad-Hoc|ARM.ActiveCfg = Release|Any CPU
		{C00A2A6A-F1DE-4FE2-97C6-E5DE5A5E50AF}.Ad-Hoc|ARM.Build.0 = Release|Any CPU
		{C00A2A6A-F1DE-4FE2-97C6-E5DE5A5E50AF}.Ad-Hoc|ARM.Deploy.0 = Release|Any CPU
		{C00A2A6A-F1DE-4FE2-97C6-E5DE5A5E50AF}.Ad-Hoc|iPhone.ActiveCfg = Release|Any CPU
		{C00A2A6A-F1DE-4FE2-97C6-E5DE5A5E50AF}.Ad-Hoc|iPhone.Build.0 = Release|Any CPU
		{C00A2A6A-F1DE-4FE2-97C6-E5DE5A5E50AF}.Ad-Hoc|iPhone.Deploy.0 = Release|Any CPU
		{C00A2A6A-F1DE-4FE2-97C6-E5DE5A5E50AF}.Ad-Hoc|iPhoneSimulator.ActiveCfg = Release|Any CPU
		{C00A2A6A-F1DE-4FE2-97C6-E5DE5A5E50AF}.Ad-Hoc|iPhoneSimulator.Build.0 = Release|Any CPU
		{C00A2A6A-F1DE-4FE2-97C6-E5DE5A5E50AF}.Ad-Hoc|iPhoneSimulator.Deploy.0 = Release|Any CPU
		{C00A2A6A-F1DE-4FE2-97C6-E5DE5A5E50AF}.Ad-Hoc|x64.ActiveCfg = Release|Any CPU
		{C00A2A6A-F1DE-4FE2-97C6-E5DE5A5E50AF}.Ad-Hoc|x64.Build.0 = Release|Any CPU
		{C00A2A6A-F1DE-4FE2-97C6-E5DE5A5E50AF}.Ad-Hoc|x64.Deploy.0 = Release|Any CPU
		{C00A2A6A-F1DE-4FE2-97C6-E5DE5A5E50AF}.Ad-Hoc|x86.ActiveCfg = Release|Any CPU
		{C00A2A6A-F1DE-4FE2-97C6-E5DE5A5E50AF}.Ad-Hoc|x86.Build.0 = Release|Any CPU
		{C00A2A6A-F1DE-4FE2-97C6-E5DE5A5E50AF}.Ad-Hoc|x86.Deploy.0 = Release|Any CPU
		{C00A2A6A-F1DE-4FE2-97C6-E5DE5A5E50AF}.AppStore|Any CPU.ActiveCfg = Release|Any CPU
		{C00A2A6A-F1DE-4FE2-97C6-E5DE5A5E50AF}.AppStore|Any CPU.Build.0 = Release|Any CPU
		{C00A2A6A-F1DE-4FE2-97C6-E5DE5A5E50AF}.AppStore|Any CPU.Deploy.0 = Release|Any CPU
		{C00A2A6A-F1DE-4FE2-97C6-E5DE5A5E50AF}.AppStore|ARM.ActiveCfg = Release|Any CPU
		{C00A2A6A-F1DE-4FE2-97C6-E5DE5A5E50AF}.AppStore|ARM.Build.0 = Release|Any CPU
		{C00A2A6A-F1DE-4FE2-97C6-E5DE5A5E50AF}.AppStore|ARM.Deploy.0 = Release|Any CPU
		{C00A2A6A-F1DE-4FE2-97C6-E5DE5A5E50AF}.AppStore|iPhone.ActiveCfg = Release|Any CPU
		{C00A2A6A-F1DE-4FE2-97C6-E5DE5A5E50AF}.AppStore|iPhone.Build.0 = Release|Any CPU
		{C00A2A6A-F1DE-4FE2-97C6-E5DE5A5E50AF}.AppStore|iPhone.Deploy.0 = Release|Any CPU
		{C00A2A6A-F1DE-4FE2-97C6-E5DE5A5E50AF}.AppStore|iPhoneSimulator.ActiveCfg = Release|Any CPU
		{C00A2A6A-F1DE-4FE2-97C6-E5DE5A5E50AF}.AppStore|iPhoneSimulator.Build.0 = Release|Any CPU
		{C00A2A6A-F1DE-4FE2-97C6-E5DE5A5E50AF}.AppStore|iPhoneSimulator.Deploy.0 = Release|Any CPU
		{C00A2A6A-F1DE-4FE2-97C6-E5DE5A5E50AF}.AppStore|x64.ActiveCfg = Release|Any CPU
		{C00A2A6A-F1DE-4FE2-97C6-E5DE5A5E50AF}.AppStore|x64.Build.0 = Release|Any CPU
		{C00A2A6A-F1DE-4FE2-97C6-E5DE5A5E50AF}.AppStore|x64.Deploy.0 = Release|Any CPU
		{C00A2A6A-F1DE-4FE2-97C6-E5DE5A5E50AF}.AppStore|x86.ActiveCfg = Release|Any CPU
		{C00A2A6A-F1DE-4FE2-97C6-E5DE5A5E50AF}.AppStore|x86.Build.0 = Release|Any CPU
		{C00A2A6A-F1DE-4FE2-97C6-E5DE5A5E50AF}.AppStore|x86.Deploy.0 = Release|Any CPU
		{C00A2A6A-F1DE-4FE2-97C6-E5DE5A5E50AF}.Debug|Any CPU.ActiveCfg = Debug|Any CPU
		{C00A2A6A-F1DE-4FE2-97C6-E5DE5A5E50AF}.Debug|Any CPU.Build.0 = Debug|Any CPU
		{C00A2A6A-F1DE-4FE2-97C6-E5DE5A5E50AF}.Debug|Any CPU.Deploy.0 = Debug|Any CPU
		{C00A2A6A-F1DE-4FE2-97C6-E5DE5A5E50AF}.Debug|ARM.ActiveCfg = Debug|Any CPU
		{C00A2A6A-F1DE-4FE2-97C6-E5DE5A5E50AF}.Debug|ARM.Build.0 = Debug|Any CPU
		{C00A2A6A-F1DE-4FE2-97C6-E5DE5A5E50AF}.Debug|ARM.Deploy.0 = Debug|Any CPU
		{C00A2A6A-F1DE-4FE2-97C6-E5DE5A5E50AF}.Debug|iPhone.ActiveCfg = Debug|Any CPU
		{C00A2A6A-F1DE-4FE2-97C6-E5DE5A5E50AF}.Debug|iPhone.Build.0 = Debug|Any CPU
		{C00A2A6A-F1DE-4FE2-97C6-E5DE5A5E50AF}.Debug|iPhone.Deploy.0 = Debug|Any CPU
		{C00A2A6A-F1DE-4FE2-97C6-E5DE5A5E50AF}.Debug|iPhoneSimulator.ActiveCfg = Debug|Any CPU
		{C00A2A6A-F1DE-4FE2-97C6-E5DE5A5E50AF}.Debug|iPhoneSimulator.Build.0 = Debug|Any CPU
		{C00A2A6A-F1DE-4FE2-97C6-E5DE5A5E50AF}.Debug|iPhoneSimulator.Deploy.0 = Debug|Any CPU
		{C00A2A6A-F1DE-4FE2-97C6-E5DE5A5E50AF}.Debug|x64.ActiveCfg = Debug|Any CPU
		{C00A2A6A-F1DE-4FE2-97C6-E5DE5A5E50AF}.Debug|x64.Build.0 = Debug|Any CPU
		{C00A2A6A-F1DE-4FE2-97C6-E5DE5A5E50AF}.Debug|x64.Deploy.0 = Debug|Any CPU
		{C00A2A6A-F1DE-4FE2-97C6-E5DE5A5E50AF}.Debug|x86.ActiveCfg = Debug|Any CPU
		{C00A2A6A-F1DE-4FE2-97C6-E5DE5A5E50AF}.Debug|x86.Build.0 = Debug|Any CPU
		{C00A2A6A-F1DE-4FE2-97C6-E5DE5A5E50AF}.Debug|x86.Deploy.0 = Debug|Any CPU
		{C00A2A6A-F1DE-4FE2-97C6-E5DE5A5E50AF}.Release|Any CPU.ActiveCfg = Release|Any CPU
		{C00A2A6A-F1DE-4FE2-97C6-E5DE5A5E50AF}.Release|Any CPU.Build.0 = Release|Any CPU
		{C00A2A6A-F1DE-4FE2-97C6-E5DE5A5E50AF}.Release|Any CPU.Deploy.0 = Release|Any CPU
		{C00A2A6A-F1DE-4FE2-97C6-E5DE5A5E50AF}.Release|ARM.ActiveCfg = Release|Any CPU
		{C00A2A6A-F1DE-4FE2-97C6-E5DE5A5E50AF}.Release|ARM.Build.0 = Release|Any CPU
		{C00A2A6A-F1DE-4FE2-97C6-E5DE5A5E50AF}.Release|ARM.Deploy.0 = Release|Any CPU
		{C00A2A6A-F1DE-4FE2-97C6-E5DE5A5E50AF}.Release|iPhone.ActiveCfg = Release|Any CPU
		{C00A2A6A-F1DE-4FE2-97C6-E5DE5A5E50AF}.Release|iPhone.Build.0 = Release|Any CPU
		{C00A2A6A-F1DE-4FE2-97C6-E5DE5A5E50AF}.Release|iPhone.Deploy.0 = Release|Any CPU
		{C00A2A6A-F1DE-4FE2-97C6-E5DE5A5E50AF}.Release|iPhoneSimulator.ActiveCfg = Release|Any CPU
		{C00A2A6A-F1DE-4FE2-97C6-E5DE5A5E50AF}.Release|iPhoneSimulator.Build.0 = Release|Any CPU
		{C00A2A6A-F1DE-4FE2-97C6-E5DE5A5E50AF}.Release|iPhoneSimulator.Deploy.0 = Release|Any CPU
		{C00A2A6A-F1DE-4FE2-97C6-E5DE5A5E50AF}.Release|x64.ActiveCfg = Release|Any CPU
		{C00A2A6A-F1DE-4FE2-97C6-E5DE5A5E50AF}.Release|x64.Build.0 = Release|Any CPU
		{C00A2A6A-F1DE-4FE2-97C6-E5DE5A5E50AF}.Release|x64.Deploy.0 = Release|Any CPU
		{C00A2A6A-F1DE-4FE2-97C6-E5DE5A5E50AF}.Release|x86.ActiveCfg = Release|Any CPU
		{C00A2A6A-F1DE-4FE2-97C6-E5DE5A5E50AF}.Release|x86.Build.0 = Release|Any CPU
		{C00A2A6A-F1DE-4FE2-97C6-E5DE5A5E50AF}.Release|x86.Deploy.0 = Release|Any CPU
		{0FB0F478-0938-4EEB-92DB-71D39530412E}.Ad-Hoc|Any CPU.ActiveCfg = Ad-Hoc|iPhone
		{0FB0F478-0938-4EEB-92DB-71D39530412E}.Ad-Hoc|ARM.ActiveCfg = Ad-Hoc|iPhone
		{0FB0F478-0938-4EEB-92DB-71D39530412E}.Ad-Hoc|iPhone.ActiveCfg = Ad-Hoc|iPhone
		{0FB0F478-0938-4EEB-92DB-71D39530412E}.Ad-Hoc|iPhone.Build.0 = Ad-Hoc|iPhone
		{0FB0F478-0938-4EEB-92DB-71D39530412E}.Ad-Hoc|iPhoneSimulator.ActiveCfg = Ad-Hoc|iPhoneSimulator
		{0FB0F478-0938-4EEB-92DB-71D39530412E}.Ad-Hoc|iPhoneSimulator.Build.0 = Ad-Hoc|iPhoneSimulator
		{0FB0F478-0938-4EEB-92DB-71D39530412E}.Ad-Hoc|x64.ActiveCfg = Ad-Hoc|iPhone
		{0FB0F478-0938-4EEB-92DB-71D39530412E}.Ad-Hoc|x86.ActiveCfg = Ad-Hoc|iPhone
		{0FB0F478-0938-4EEB-92DB-71D39530412E}.AppStore|Any CPU.ActiveCfg = AppStore|iPhone
		{0FB0F478-0938-4EEB-92DB-71D39530412E}.AppStore|ARM.ActiveCfg = AppStore|iPhone
		{0FB0F478-0938-4EEB-92DB-71D39530412E}.AppStore|iPhone.ActiveCfg = AppStore|iPhone
		{0FB0F478-0938-4EEB-92DB-71D39530412E}.AppStore|iPhone.Build.0 = AppStore|iPhone
		{0FB0F478-0938-4EEB-92DB-71D39530412E}.AppStore|iPhoneSimulator.ActiveCfg = AppStore|iPhoneSimulator
		{0FB0F478-0938-4EEB-92DB-71D39530412E}.AppStore|iPhoneSimulator.Build.0 = AppStore|iPhoneSimulator
		{0FB0F478-0938-4EEB-92DB-71D39530412E}.AppStore|x64.ActiveCfg = AppStore|iPhone
		{0FB0F478-0938-4EEB-92DB-71D39530412E}.AppStore|x86.ActiveCfg = AppStore|iPhone
		{0FB0F478-0938-4EEB-92DB-71D39530412E}.Debug|Any CPU.ActiveCfg = Debug|iPhone
		{0FB0F478-0938-4EEB-92DB-71D39530412E}.Debug|ARM.ActiveCfg = Debug|iPhone
		{0FB0F478-0938-4EEB-92DB-71D39530412E}.Debug|iPhone.ActiveCfg = Debug|iPhone
		{0FB0F478-0938-4EEB-92DB-71D39530412E}.Debug|iPhone.Build.0 = Debug|iPhone
		{0FB0F478-0938-4EEB-92DB-71D39530412E}.Debug|iPhoneSimulator.ActiveCfg = Debug|iPhoneSimulator
		{0FB0F478-0938-4EEB-92DB-71D39530412E}.Debug|iPhoneSimulator.Build.0 = Debug|iPhoneSimulator
		{0FB0F478-0938-4EEB-92DB-71D39530412E}.Debug|x64.ActiveCfg = Debug|iPhone
		{0FB0F478-0938-4EEB-92DB-71D39530412E}.Debug|x86.ActiveCfg = Debug|iPhone
		{0FB0F478-0938-4EEB-92DB-71D39530412E}.Release|Any CPU.ActiveCfg = Release|iPhone
		{0FB0F478-0938-4EEB-92DB-71D39530412E}.Release|ARM.ActiveCfg = Release|iPhone
		{0FB0F478-0938-4EEB-92DB-71D39530412E}.Release|iPhone.ActiveCfg = Release|iPhone
		{0FB0F478-0938-4EEB-92DB-71D39530412E}.Release|iPhone.Build.0 = Release|iPhone
		{0FB0F478-0938-4EEB-92DB-71D39530412E}.Release|iPhoneSimulator.ActiveCfg = Release|iPhoneSimulator
		{0FB0F478-0938-4EEB-92DB-71D39530412E}.Release|iPhoneSimulator.Build.0 = Release|iPhoneSimulator
		{0FB0F478-0938-4EEB-92DB-71D39530412E}.Release|x64.ActiveCfg = Release|iPhone
		{0FB0F478-0938-4EEB-92DB-71D39530412E}.Release|x86.ActiveCfg = Release|iPhone
		{2F5BCB5E-C42F-40B8-8166-9690CCEC1B8E}.Ad-Hoc|Any CPU.ActiveCfg = Release|x86
		{2F5BCB5E-C42F-40B8-8166-9690CCEC1B8E}.Ad-Hoc|Any CPU.Build.0 = Release|x86
		{2F5BCB5E-C42F-40B8-8166-9690CCEC1B8E}.Ad-Hoc|Any CPU.Deploy.0 = Release|x86
		{2F5BCB5E-C42F-40B8-8166-9690CCEC1B8E}.Ad-Hoc|ARM.ActiveCfg = Release|ARM
		{2F5BCB5E-C42F-40B8-8166-9690CCEC1B8E}.Ad-Hoc|ARM.Build.0 = Release|ARM
		{2F5BCB5E-C42F-40B8-8166-9690CCEC1B8E}.Ad-Hoc|ARM.Deploy.0 = Release|ARM
		{2F5BCB5E-C42F-40B8-8166-9690CCEC1B8E}.Ad-Hoc|iPhone.ActiveCfg = Release|x86
		{2F5BCB5E-C42F-40B8-8166-9690CCEC1B8E}.Ad-Hoc|iPhone.Build.0 = Release|x86
		{2F5BCB5E-C42F-40B8-8166-9690CCEC1B8E}.Ad-Hoc|iPhone.Deploy.0 = Release|x86
		{2F5BCB5E-C42F-40B8-8166-9690CCEC1B8E}.Ad-Hoc|iPhoneSimulator.ActiveCfg = Release|x86
		{2F5BCB5E-C42F-40B8-8166-9690CCEC1B8E}.Ad-Hoc|iPhoneSimulator.Build.0 = Release|x86
		{2F5BCB5E-C42F-40B8-8166-9690CCEC1B8E}.Ad-Hoc|iPhoneSimulator.Deploy.0 = Release|x86
		{2F5BCB5E-C42F-40B8-8166-9690CCEC1B8E}.Ad-Hoc|x64.ActiveCfg = Release|x64
		{2F5BCB5E-C42F-40B8-8166-9690CCEC1B8E}.Ad-Hoc|x64.Build.0 = Release|x64
		{2F5BCB5E-C42F-40B8-8166-9690CCEC1B8E}.Ad-Hoc|x64.Deploy.0 = Release|x64
		{2F5BCB5E-C42F-40B8-8166-9690CCEC1B8E}.Ad-Hoc|x86.ActiveCfg = Release|x86
		{2F5BCB5E-C42F-40B8-8166-9690CCEC1B8E}.Ad-Hoc|x86.Build.0 = Release|x86
		{2F5BCB5E-C42F-40B8-8166-9690CCEC1B8E}.Ad-Hoc|x86.Deploy.0 = Release|x86
		{2F5BCB5E-C42F-40B8-8166-9690CCEC1B8E}.AppStore|Any CPU.ActiveCfg = Release|x86
		{2F5BCB5E-C42F-40B8-8166-9690CCEC1B8E}.AppStore|Any CPU.Build.0 = Release|x86
		{2F5BCB5E-C42F-40B8-8166-9690CCEC1B8E}.AppStore|Any CPU.Deploy.0 = Release|x86
		{2F5BCB5E-C42F-40B8-8166-9690CCEC1B8E}.AppStore|ARM.ActiveCfg = Release|ARM
		{2F5BCB5E-C42F-40B8-8166-9690CCEC1B8E}.AppStore|ARM.Build.0 = Release|ARM
		{2F5BCB5E-C42F-40B8-8166-9690CCEC1B8E}.AppStore|ARM.Deploy.0 = Release|ARM
		{2F5BCB5E-C42F-40B8-8166-9690CCEC1B8E}.AppStore|iPhone.ActiveCfg = Release|x86
		{2F5BCB5E-C42F-40B8-8166-9690CCEC1B8E}.AppStore|iPhone.Build.0 = Release|x86
		{2F5BCB5E-C42F-40B8-8166-9690CCEC1B8E}.AppStore|iPhone.Deploy.0 = Release|x86
		{2F5BCB5E-C42F-40B8-8166-9690CCEC1B8E}.AppStore|iPhoneSimulator.ActiveCfg = Release|x86
		{2F5BCB5E-C42F-40B8-8166-9690CCEC1B8E}.AppStore|iPhoneSimulator.Build.0 = Release|x86
		{2F5BCB5E-C42F-40B8-8166-9690CCEC1B8E}.AppStore|iPhoneSimulator.Deploy.0 = Release|x86
		{2F5BCB5E-C42F-40B8-8166-9690CCEC1B8E}.AppStore|x64.ActiveCfg = Release|x64
		{2F5BCB5E-C42F-40B8-8166-9690CCEC1B8E}.AppStore|x64.Build.0 = Release|x64
		{2F5BCB5E-C42F-40B8-8166-9690CCEC1B8E}.AppStore|x64.Deploy.0 = Release|x64
		{2F5BCB5E-C42F-40B8-8166-9690CCEC1B8E}.AppStore|x86.ActiveCfg = Release|x86
		{2F5BCB5E-C42F-40B8-8166-9690CCEC1B8E}.AppStore|x86.Build.0 = Release|x86
		{2F5BCB5E-C42F-40B8-8166-9690CCEC1B8E}.AppStore|x86.Deploy.0 = Release|x86
		{2F5BCB5E-C42F-40B8-8166-9690CCEC1B8E}.Debug|Any CPU.ActiveCfg = Debug|x86
		{2F5BCB5E-C42F-40B8-8166-9690CCEC1B8E}.Debug|ARM.ActiveCfg = Debug|ARM
		{2F5BCB5E-C42F-40B8-8166-9690CCEC1B8E}.Debug|ARM.Build.0 = Debug|ARM
		{2F5BCB5E-C42F-40B8-8166-9690CCEC1B8E}.Debug|ARM.Deploy.0 = Debug|ARM
		{2F5BCB5E-C42F-40B8-8166-9690CCEC1B8E}.Debug|iPhone.ActiveCfg = Debug|x86
		{2F5BCB5E-C42F-40B8-8166-9690CCEC1B8E}.Debug|iPhoneSimulator.ActiveCfg = Debug|x86
		{2F5BCB5E-C42F-40B8-8166-9690CCEC1B8E}.Debug|x64.ActiveCfg = Debug|x64
		{2F5BCB5E-C42F-40B8-8166-9690CCEC1B8E}.Debug|x64.Build.0 = Debug|x64
		{2F5BCB5E-C42F-40B8-8166-9690CCEC1B8E}.Debug|x64.Deploy.0 = Debug|x64
		{2F5BCB5E-C42F-40B8-8166-9690CCEC1B8E}.Debug|x86.ActiveCfg = Debug|x86
		{2F5BCB5E-C42F-40B8-8166-9690CCEC1B8E}.Debug|x86.Build.0 = Debug|x86
		{2F5BCB5E-C42F-40B8-8166-9690CCEC1B8E}.Debug|x86.Deploy.0 = Debug|x86
		{2F5BCB5E-C42F-40B8-8166-9690CCEC1B8E}.Release|Any CPU.ActiveCfg = Release|x86
		{2F5BCB5E-C42F-40B8-8166-9690CCEC1B8E}.Release|ARM.ActiveCfg = Release|ARM
		{2F5BCB5E-C42F-40B8-8166-9690CCEC1B8E}.Release|ARM.Build.0 = Release|ARM
		{2F5BCB5E-C42F-40B8-8166-9690CCEC1B8E}.Release|ARM.Deploy.0 = Release|ARM
		{2F5BCB5E-C42F-40B8-8166-9690CCEC1B8E}.Release|iPhone.ActiveCfg = Release|x86
		{2F5BCB5E-C42F-40B8-8166-9690CCEC1B8E}.Release|iPhoneSimulator.ActiveCfg = Release|x86
		{2F5BCB5E-C42F-40B8-8166-9690CCEC1B8E}.Release|x64.ActiveCfg = Release|x64
		{2F5BCB5E-C42F-40B8-8166-9690CCEC1B8E}.Release|x64.Build.0 = Release|x64
		{2F5BCB5E-C42F-40B8-8166-9690CCEC1B8E}.Release|x64.Deploy.0 = Release|x64
		{2F5BCB5E-C42F-40B8-8166-9690CCEC1B8E}.Release|x86.ActiveCfg = Release|x86
		{2F5BCB5E-C42F-40B8-8166-9690CCEC1B8E}.Release|x86.Build.0 = Release|x86
		{2F5BCB5E-C42F-40B8-8166-9690CCEC1B8E}.Release|x86.Deploy.0 = Release|x86
	EndGlobalSection
	GlobalSection(SolutionProperties) = preSolution
		HideSolutionNode = FALSE
	EndGlobalSection
EndGlobal
